
Microsoft Visual Studio Solution File, Format Version 12.00
# Visual Studio Version 17
VisualStudioVersion = 17.4.33205.214
MinimumVisualStudioVersion = 10.0.40219.1
Project("{9A19103F-16F7-4668-BE54-9A1E7A4F7556}") = "LavaaMesendjer", "LavaaMesendjer.csproj", "{E8F55DCD-4DBA-443F-BFED-A876D0B06A61}"
EndProject
Project("{FAE04EC0-301F-11D3-BF4B-00C04F79EFBC}") = "ASPCoreServer", "..\ASPCoreServer\ASPCoreServer.csproj", "{FD5F63A7-6AF7-43E5-B59B-0C740A1F6AA4}"
EndProject
Global
	GlobalSection(SolutionConfigurationPlatforms) = preSolution
		Debug|Any CPU = Debug|Any CPU
		Release|Any CPU = Release|Any CPU
	EndGlobalSection
	GlobalSection(ProjectConfigurationPlatforms) = postSolution
		{E8F55DCD-4DBA-443F-BFED-A876D0B06A61}.Debug|Any CPU.ActiveCfg = Debug|Any CPU
		{E8F55DCD-4DBA-443F-BFED-A876D0B06A61}.Debug|Any CPU.Build.0 = Debug|Any CPU
		{E8F55DCD-4DBA-443F-BFED-A876D0B06A61}.Release|Any CPU.ActiveCfg = Release|Any CPU
		{E8F55DCD-4DBA-443F-BFED-A876D0B06A61}.Release|Any CPU.Build.0 = Release|Any CPU
		{FD5F63A7-6AF7-43E5-B59B-0C740A1F6AA4}.Debug|Any CPU.ActiveCfg = Debug|Any CPU
		{FD5F63A7-6AF7-43E5-B59B-0C740A1F6AA4}.Debug|Any CPU.Build.0 = Debug|Any CPU
		{FD5F63A7-6AF7-43E5-B59B-0C740A1F6AA4}.Release|Any CPU.ActiveCfg = Release|Any CPU
		{FD5F63A7-6AF7-43E5-B59B-0C740A1F6AA4}.Release|Any CPU.Build.0 = Release|Any CPU
	EndGlobalSection
	GlobalSection(SolutionProperties) = preSolution
		HideSolutionNode = FALSE
	EndGlobalSection
	GlobalSection(ExtensibilityGlobals) = postSolution
		SolutionGuid = {FD82E5A0-2DEA-496D-BAB9-F2C92CBABD6C}
	EndGlobalSection
EndGlobal
